// !$*UTF8*$!
{
	archiveVersion = 1;
	classes = {
	};
	objectVersion = 56;
	objects = {

/* Begin PBXBuildFile section */
		D3D63B5829C7EC7A00518AEE /* FoodifyApp.swift in Sources */ = {isa = PBXBuildFile; fileRef = D3D63B5729C7EC7A00518AEE /* FoodifyApp.swift */; };
		D3D63B5A29C7EC7A00518AEE /* ContentView.swift in Sources */ = {isa = PBXBuildFile; fileRef = D3D63B5929C7EC7A00518AEE /* ContentView.swift */; };
		D3D63B5C29C7EC7B00518AEE /* Assets.xcassets in Resources */ = {isa = PBXBuildFile; fileRef = D3D63B5B29C7EC7B00518AEE /* Assets.xcassets */; };
		D3D63B5F29C7EC7B00518AEE /* Preview Assets.xcassets in Resources */ = {isa = PBXBuildFile; fileRef = D3D63B5E29C7EC7B00518AEE /* Preview Assets.xcassets */; };
		D3D63B6929C7EC7B00518AEE /* FoodifyTests.swift in Sources */ = {isa = PBXBuildFile; fileRef = D3D63B6829C7EC7B00518AEE /* FoodifyTests.swift */; };
		D3D63B7329C7EC7B00518AEE /* FoodifyUITests.swift in Sources */ = {isa = PBXBuildFile; fileRef = D3D63B7229C7EC7B00518AEE /* FoodifyUITests.swift */; };
		D3D63B7529C7EC7B00518AEE /* FoodifyUITestsLaunchTests.swift in Sources */ = {isa = PBXBuildFile; fileRef = D3D63B7429C7EC7B00518AEE /* FoodifyUITestsLaunchTests.swift */; };
/* End PBXBuildFile section */

/* Begin PBXContainerItemProxy section */
		D3D63B6529C7EC7B00518AEE /* PBXContainerItemProxy */ = {
			isa = PBXContainerItemProxy;
			containerPortal = D3D63B4C29C7EC7A00518AEE /* Project object */;
			proxyType = 1;
			remoteGlobalIDString = D3D63B5329C7EC7A00518AEE;
			remoteInfo = Foodify;
		};
		D3D63B6F29C7EC7B00518AEE /* PBXContainerItemProxy */ = {
			isa = PBXContainerItemProxy;
			containerPortal = D3D63B4C29C7EC7A00518AEE /* Project object */;
			proxyType = 1;
			remoteGlobalIDString = D3D63B5329C7EC7A00518AEE;
			remoteInfo = Foodify;
		};
/* End PBXContainerItemProxy section */

/* Begin PBXFileReference section */
		D3D63B5429C7EC7A00518AEE /* Foodify.app */ = {isa = PBXFileReference; explicitFileType = wrapper.application; includeInIndex = 0; path = Foodify.app; sourceTree = BUILT_PRODUCTS_DIR; };
		D3D63B5729C7EC7A00518AEE /* FoodifyApp.swift */ = {isa = PBXFileReference; lastKnownFileType = sourcecode.swift; path = FoodifyApp.swift; sourceTree = "<group>"; };
		D3D63B5929C7EC7A00518AEE /* ContentView.swift */ = {isa = PBXFileReference; lastKnownFileType = sourcecode.swift; path = ContentView.swift; sourceTree = "<group>"; };
		D3D63B5B29C7EC7B00518AEE /* Assets.xcassets */ = {isa = PBXFileReference; lastKnownFileType = folder.assetcatalog; path = Assets.xcassets; sourceTree = "<group>"; };
		D3D63B5E29C7EC7B00518AEE /* Preview Assets.xcassets */ = {isa = PBXFileReference; lastKnownFileType = folder.assetcatalog; path = "Preview Assets.xcassets"; sourceTree = "<group>"; };
		D3D63B6429C7EC7B00518AEE /* FoodifyTests.xctest */ = {isa = PBXFileReference; explicitFileType = wrapper.cfbundle; includeInIndex = 0; path = FoodifyTests.xctest; sourceTree = BUILT_PRODUCTS_DIR; };
		D3D63B6829C7EC7B00518AEE /* FoodifyTests.swift */ = {isa = PBXFileReference; lastKnownFileType = sourcecode.swift; path = FoodifyTests.swift; sourceTree = "<group>"; };
		D3D63B6E29C7EC7B00518AEE /* FoodifyUITests.xctest */ = {isa = PBXFileReference; explicitFileType = wrapper.cfbundle; includeInIndex = 0; path = FoodifyUITests.xctest; sourceTree = BUILT_PRODUCTS_DIR; };
		D3D63B7229C7EC7B00518AEE /* FoodifyUITests.swift */ = {isa = PBXFileReference; lastKnownFileType = sourcecode.swift; path = FoodifyUITests.swift; sourceTree = "<group>"; };
		D3D63B7429C7EC7B00518AEE /* FoodifyUITestsLaunchTests.swift */ = {isa = PBXFileReference; lastKnownFileType = sourcecode.swift; path = FoodifyUITestsLaunchTests.swift; sourceTree = "<group>"; };
/* End PBXFileReference section */

/* Begin PBXFrameworksBuildPhase section */
		D3D63B5129C7EC7A00518AEE /* Frameworks */ = {
			isa = PBXFrameworksBuildPhase;
			buildActionMask = 2147483647;
			files = (
			);
			runOnlyForDeploymentPostprocessing = 0;
		};
		D3D63B6129C7EC7B00518AEE /* Frameworks */ = {
			isa = PBXFrameworksBuildPhase;
			buildActionMask = 2147483647;
			files = (
			);
			runOnlyForDeploymentPostprocessing = 0;
		};
		D3D63B6B29C7EC7B00518AEE /* Frameworks */ = {
			isa = PBXFrameworksBuildPhase;
			buildActionMask = 2147483647;
			files = (
			);
			runOnlyForDeploymentPostprocessing = 0;
		};
/* End PBXFrameworksBuildPhase section */

/* Begin PBXGroup section */
		D3D63B4B29C7EC7A00518AEE = {
			isa = PBXGroup;
			children = (
				D3D63B5629C7EC7A00518AEE /* Foodify */,
				D3D63B6729C7EC7B00518AEE /* FoodifyTests */,
				D3D63B7129C7EC7B00518AEE /* FoodifyUITests */,
				D3D63B5529C7EC7A00518AEE /* Products */,
			);
			sourceTree = "<group>";
		};
		D3D63B5529C7EC7A00518AEE /* Products */ = {
			isa = PBXGroup;
			children = (
				D3D63B5429C7EC7A00518AEE /* Foodify.app */,
				D3D63B6429C7EC7B00518AEE /* FoodifyTests.xctest */,
				D3D63B6E29C7EC7B00518AEE /* FoodifyUITests.xctest */,
			);
			name = Products;
			sourceTree = "<group>";
		};
		D3D63B5629C7EC7A00518AEE /* Foodify */ = {
			isa = PBXGroup;
			children = (
				D3D63B5729C7EC7A00518AEE /* FoodifyApp.swift */,
				D3D63B5929C7EC7A00518AEE /* ContentView.swift */,
				D3D63B5B29C7EC7B00518AEE /* Assets.xcassets */,
				D3D63B5D29C7EC7B00518AEE /* Preview Content */,
			);
			path = Foodify;
			sourceTree = "<group>";
		};
		D3D63B5D29C7EC7B00518AEE /* Preview Content */ = {
			isa = PBXGroup;
			children = (
				D3D63B5E29C7EC7B00518AEE /* Preview Assets.xcassets */,
			);
			path = "Preview Content";
			sourceTree = "<group>";
		};
		D3D63B6729C7EC7B00518AEE /* FoodifyTests */ = {
			isa = PBXGroup;
			children = (
				D3D63B6829C7EC7B00518AEE /* FoodifyTests.swift */,
			);
			path = FoodifyTests;
			sourceTree = "<group>";
		};
		D3D63B7129C7EC7B00518AEE /* FoodifyUITests */ = {
			isa = PBXGroup;
			children = (
				D3D63B7229C7EC7B00518AEE /* FoodifyUITests.swift */,
				D3D63B7429C7EC7B00518AEE /* FoodifyUITestsLaunchTests.swift */,
			);
			path = FoodifyUITests;
			sourceTree = "<group>";
		};
/* End PBXGroup section */

/* Begin PBXNativeTarget section */
		D3D63B5329C7EC7A00518AEE /* Foodify */ = {
			isa = PBXNativeTarget;
			buildConfigurationList = D3D63B7829C7EC7B00518AEE /* Build configuration list for PBXNativeTarget "Foodify" */;
			buildPhases = (
				D3D63B5029C7EC7A00518AEE /* Sources */,
				D3D63B5129C7EC7A00518AEE /* Frameworks */,
				D3D63B5229C7EC7A00518AEE /* Resources */,
			);
			buildRules = (
			);
			dependencies = (
			);
			name = Foodify;
			productName = Foodify;
			productReference = D3D63B5429C7EC7A00518AEE /* Foodify.app */;
			productType = "com.apple.product-type.application";
		};
		D3D63B6329C7EC7B00518AEE /* FoodifyTests */ = {
			isa = PBXNativeTarget;
			buildConfigurationList = D3D63B7B29C7EC7B00518AEE /* Build configuration list for PBXNativeTarget "FoodifyTests" */;
			buildPhases = (
				D3D63B6029C7EC7B00518AEE /* Sources */,
				D3D63B6129C7EC7B00518AEE /* Frameworks */,
				D3D63B6229C7EC7B00518AEE /* Resources */,
			);
			buildRules = (
			);
			dependencies = (
				D3D63B6629C7EC7B00518AEE /* PBXTargetDependency */,
			);
			name = FoodifyTests;
			productName = FoodifyTests;
			productReference = D3D63B6429C7EC7B00518AEE /* FoodifyTests.xctest */;
			productType = "com.apple.product-type.bundle.unit-test";
		};
		D3D63B6D29C7EC7B00518AEE /* FoodifyUITests */ = {
			isa = PBXNativeTarget;
			buildConfigurationList = D3D63B7E29C7EC7B00518AEE /* Build configuration list for PBXNativeTarget "FoodifyUITests" */;
			buildPhases = (
				D3D63B6A29C7EC7B00518AEE /* Sources */,
				D3D63B6B29C7EC7B00518AEE /* Frameworks */,
				D3D63B6C29C7EC7B00518AEE /* Resources */,
			);
			buildRules = (
			);
			dependencies = (
				D3D63B7029C7EC7B00518AEE /* PBXTargetDependency */,
			);
			name = FoodifyUITests;
			productName = FoodifyUITests;
			productReference = D3D63B6E29C7EC7B00518AEE /* FoodifyUITests.xctest */;
			productType = "com.apple.product-type.bundle.ui-testing";
		};
/* End PBXNativeTarget section */

/* Begin PBXProject section */
		D3D63B4C29C7EC7A00518AEE /* Project object */ = {
			isa = PBXProject;
			attributes = {
				BuildIndependentTargetsInParallel = 1;
				LastSwiftUpdateCheck = 1420;
				LastUpgradeCheck = 1420;
				TargetAttributes = {
					D3D63B5329C7EC7A00518AEE = {
						CreatedOnToolsVersion = 14.2;
					};
					D3D63B6329C7EC7B00518AEE = {
						CreatedOnToolsVersion = 14.2;
						TestTargetID = D3D63B5329C7EC7A00518AEE;
					};
					D3D63B6D29C7EC7B00518AEE = {
						CreatedOnToolsVersion = 14.2;
						TestTargetID = D3D63B5329C7EC7A00518AEE;
					};
				};
			};
			buildConfigurationList = D3D63B4F29C7EC7A00518AEE /* Build configuration list for PBXProject "Foodify" */;
			compatibilityVersion = "Xcode 14.0";
			developmentRegion = en;
			hasScannedForEncodings = 0;
			knownRegions = (
				en,
				Base,
			);
			mainGroup = D3D63B4B29C7EC7A00518AEE;
			productRefGroup = D3D63B5529C7EC7A00518AEE /* Products */;
			projectDirPath = "";
			projectRoot = "";
			targets = (
				D3D63B5329C7EC7A00518AEE /* Foodify */,
				D3D63B6329C7EC7B00518AEE /* FoodifyTests */,
				D3D63B6D29C7EC7B00518AEE /* FoodifyUITests */,
			);
		};
/* End PBXProject section */

/* Begin PBXResourcesBuildPhase section */
		D3D63B5229C7EC7A00518AEE /* Resources */ = {
			isa = PBXResourcesBuildPhase;
			buildActionMask = 2147483647;
			files = (
				D3D63B5F29C7EC7B00518AEE /* Preview Assets.xcassets in Resources */,
				D3D63B5C29C7EC7B00518AEE /* Assets.xcassets in Resources */,
			);
			runOnlyForDeploymentPostprocessing = 0;
		};
		D3D63B6229C7EC7B00518AEE /* Resources */ = {
			isa = PBXResourcesBuildPhase;
			buildActionMask = 2147483647;
			files = (
			);
			runOnlyForDeploymentPostprocessing = 0;
		};
		D3D63B6C29C7EC7B00518AEE /* Resources */ = {
			isa = PBXResourcesBuildPhase;
			buildActionMask = 2147483647;
			files = (
			);
			runOnlyForDeploymentPostprocessing = 0;
		};
/* End PBXResourcesBuildPhase section */

/* Begin PBXSourcesBuildPhase section */
		D3D63B5029C7EC7A00518AEE /* Sources */ = {
			isa = PBXSourcesBuildPhase;
			buildActionMask = 2147483647;
			files = (
				D3D63B5A29C7EC7A00518AEE /* ContentView.swift in Sources */,
				D3D63B5829C7EC7A00518AEE /* FoodifyApp.swift in Sources */,
			);
			runOnlyForDeploymentPostprocessing = 0;
		};
		D3D63B6029C7EC7B00518AEE /* Sources */ = {
			isa = PBXSourcesBuildPhase;
			buildActionMask = 2147483647;
			files = (
				D3D63B6929C7EC7B00518AEE /* FoodifyTests.swift in Sources */,
			);
			runOnlyForDeploymentPostprocessing = 0;
		};
		D3D63B6A29C7EC7B00518AEE /* Sources */ = {
			isa = PBXSourcesBuildPhase;
			buildActionMask = 2147483647;
			files = (
				D3D63B7329C7EC7B00518AEE /* FoodifyUITests.swift in Sources */,
				D3D63B7529C7EC7B00518AEE /* FoodifyUITestsLaunchTests.swift in Sources */,
			);
			runOnlyForDeploymentPostprocessing = 0;
		};
/* End PBXSourcesBuildPhase section */

/* Begin PBXTargetDependency section */
		D3D63B6629C7EC7B00518AEE /* PBXTargetDependency */ = {
			isa = PBXTargetDependency;
			target = D3D63B5329C7EC7A00518AEE /* Foodify */;
			targetProxy = D3D63B6529C7EC7B00518AEE /* PBXContainerItemProxy */;
		};
		D3D63B7029C7EC7B00518AEE /* PBXTargetDependency */ = {
			isa = PBXTargetDependency;
			target = D3D63B5329C7EC7A00518AEE /* Foodify */;
			targetProxy = D3D63B6F29C7EC7B00518AEE /* PBXContainerItemProxy */;
		};
/* End PBXTargetDependency section */

/* Begin XCBuildConfiguration section */
		D3D63B7629C7EC7B00518AEE /* Debug */ = {
			isa = XCBuildConfiguration;
			buildSettings = {
				ALWAYS_SEARCH_USER_PATHS = NO;
				CLANG_ANALYZER_NONNULL = YES;
				CLANG_ANALYZER_NUMBER_OBJECT_CONVERSION = YES_AGGRESSIVE;
				CLANG_CXX_LANGUAGE_STANDARD = "gnu++20";
				CLANG_ENABLE_MODULES = YES;
				CLANG_ENABLE_OBJC_ARC = YES;
				CLANG_ENABLE_OBJC_WEAK = YES;
				CLANG_WARN_BLOCK_CAPTURE_AUTORELEASING = YES;
				CLANG_WARN_BOOL_CONVERSION = YES;
				CLANG_WARN_COMMA = YES;
				CLANG_WARN_CONSTANT_CONVERSION = YES;
				CLANG_WARN_DEPRECATED_OBJC_IMPLEMENTATIONS = YES;
				CLANG_WARN_DIRECT_OBJC_ISA_USAGE = YES_ERROR;
				CLANG_WARN_DOCUMENTATION_COMMENTS = YES;
				CLANG_WARN_EMPTY_BODY = YES;
				CLANG_WARN_ENUM_CONVERSION = YES;
				CLANG_WARN_INFINITE_RECURSION = YES;
				CLANG_WARN_INT_CONVERSION = YES;
				CLANG_WARN_NON_LITERAL_NULL_CONVERSION = YES;
				CLANG_WARN_OBJC_IMPLICIT_RETAIN_SELF = YES;
				CLANG_WARN_OBJC_LITERAL_CONVERSION = YES;
				CLANG_WARN_OBJC_ROOT_CLASS = YES_ERROR;
				CLANG_WARN_QUOTED_INCLUDE_IN_FRAMEWORK_HEADER = YES;
				CLANG_WARN_RANGE_LOOP_ANALYSIS = YES;
				CLANG_WARN_STRICT_PROTOTYPES = YES;
				CLANG_WARN_SUSPICIOUS_MOVE = YES;
				CLANG_WARN_UNGUARDED_AVAILABILITY = YES_AGGRESSIVE;
				CLANG_WARN_UNREACHABLE_CODE = YES;
				CLANG_WARN__DUPLICATE_METHOD_MATCH = YES;
				COPY_PHASE_STRIP = NO;
				DEBUG_INFORMATION_FORMAT = dwarf;
				ENABLE_STRICT_OBJC_MSGSEND = YES;
				ENABLE_TESTABILITY = YES;
				GCC_C_LANGUAGE_STANDARD = gnu11;
				GCC_DYNAMIC_NO_PIC = NO;
				GCC_NO_COMMON_BLOCKS = YES;
				GCC_OPTIMIZATION_LEVEL = 0;
				GCC_PREPROCESSOR_DEFINITIONS = (
					"DEBUG=1",
					"$(inherited)",
				);
				GCC_WARN_64_TO_32_BIT_CONVERSION = YES;
				GCC_WARN_ABOUT_RETURN_TYPE = YES_ERROR;
				GCC_WARN_UNDECLARED_SELECTOR = YES;
				GCC_WARN_UNINITIALIZED_AUTOS = YES_AGGRESSIVE;
				GCC_WARN_UNUSED_FUNCTION = YES;
				GCC_WARN_UNUSED_VARIABLE = YES;
				IPHONEOS_DEPLOYMENT_TARGET = 16.2;
				MTL_ENABLE_DEBUG_INFO = INCLUDE_SOURCE;
				MTL_FAST_MATH = YES;
				ONLY_ACTIVE_ARCH = YES;
				SDKROOT = iphoneos;
				SWIFT_ACTIVE_COMPILATION_CONDITIONS = DEBUG;
				SWIFT_OPTIMIZATION_LEVEL = "-Onone";
			};
			name = Debug;
		};
		D3D63B7729C7EC7B00518AEE /* Release */ = {
			isa = XCBuildConfiguration;
			buildSettings = {
				ALWAYS_SEARCH_USER_PATHS = NO;
				CLANG_ANALYZER_NONNULL = YES;
				CLANG_ANALYZER_NUMBER_OBJECT_CONVERSION = YES_AGGRESSIVE;
				CLANG_CXX_LANGUAGE_STANDARD = "gnu++20";
				CLANG_ENABLE_MODULES = YES;
				CLANG_ENABLE_OBJC_ARC = YES;
				CLANG_ENABLE_OBJC_WEAK = YES;
				CLANG_WARN_BLOCK_CAPTURE_AUTORELEASING = YES;
				CLANG_WARN_BOOL_CONVERSION = YES;
				CLANG_WARN_COMMA = YES;
				CLANG_WARN_CONSTANT_CONVERSION = YES;
				CLANG_WARN_DEPRECATED_OBJC_IMPLEMENTATIONS = YES;
				CLANG_WARN_DIRECT_OBJC_ISA_USAGE = YES_ERROR;
				CLANG_WARN_DOCUMENTATION_COMMENTS = YES;
				CLANG_WARN_EMPTY_BODY = YES;
				CLANG_WARN_ENUM_CONVERSION = YES;
				CLANG_WARN_INFINITE_RECURSION = YES;
				CLANG_WARN_INT_CONVERSION = YES;
				CLANG_WARN_NON_LITERAL_NULL_CONVERSION = YES;
				CLANG_WARN_OBJC_IMPLICIT_RETAIN_SELF = YES;
				CLANG_WARN_OBJC_LITERAL_CONVERSION = YES;
				CLANG_WARN_OBJC_ROOT_CLASS = YES_ERROR;
				CLANG_WARN_QUOTED_INCLUDE_IN_FRAMEWORK_HEADER = YES;
				CLANG_WARN_RANGE_LOOP_ANALYSIS = YES;
				CLANG_WARN_STRICT_PROTOTYPES = YES;
				CLANG_WARN_SUSPICIOUS_MOVE = YES;
				CLANG_WARN_UNGUARDED_AVAILABILITY = YES_AGGRESSIVE;
				CLANG_WARN_UNREACHABLE_CODE = YES;
				CLANG_WARN__DUPLICATE_METHOD_MATCH = YES;
				COPY_PHASE_STRIP = NO;
				DEBUG_INFORMATION_FORMAT = "dwarf-with-dsym";
				ENABLE_NS_ASSERTIONS = NO;
				ENABLE_STRICT_OBJC_MSGSEND = YES;
				GCC_C_LANGUAGE_STANDARD = gnu11;
				GCC_NO_COMMON_BLOCKS = YES;
				GCC_WARN_64_TO_32_BIT_CONVERSION = YES;
				GCC_WARN_ABOUT_RETURN_TYPE = YES_ERROR;
				GCC_WARN_UNDECLARED_SELECTOR = YES;
				GCC_WARN_UNINITIALIZED_AUTOS = YES_AGGRESSIVE;
				GCC_WARN_UNUSED_FUNCTION = YES;
				GCC_WARN_UNUSED_VARIABLE = YES;
				IPHONEOS_DEPLOYMENT_TARGET = 16.2;
				MTL_ENABLE_DEBUG_INFO = NO;
				MTL_FAST_MATH = YES;
				SDKROOT = iphoneos;
				SWIFT_COMPILATION_MODE = wholemodule;
				SWIFT_OPTIMIZATION_LEVEL = "-O";
				VALIDATE_PRODUCT = YES;
			};
			name = Release;
		};
		D3D63B7929C7EC7B00518AEE /* Debug */ = {
			isa = XCBuildConfiguration;
			buildSettings = {
				ASSETCATALOG_COMPILER_APPICON_NAME = AppIcon;
				ASSETCATALOG_COMPILER_GLOBAL_ACCENT_COLOR_NAME = AccentColor;
				CODE_SIGN_STYLE = Automatic;
				CURRENT_PROJECT_VERSION = 1;
				DEVELOPMENT_ASSET_PATHS = "\"Foodify/Preview Content\"";
				DEVELOPMENT_TEAM = U496GYFZ39;
				ENABLE_PREVIEWS = YES;
				GENERATE_INFOPLIST_FILE = YES;
				INFOPLIST_KEY_UIApplicationSceneManifest_Generation = YES;
				INFOPLIST_KEY_UIApplicationSupportsIndirectInputEvents = YES;
				INFOPLIST_KEY_UILaunchScreen_Generation = YES;
				INFOPLIST_KEY_UISupportedInterfaceOrientations_iPad = "UIInterfaceOrientationPortrait UIInterfaceOrientationPortraitUpsideDown UIInterfaceOrientationLandscapeLeft UIInterfaceOrientationLandscapeRight";
				INFOPLIST_KEY_UISupportedInterfaceOrientations_iPhone = "UIInterfaceOrientationPortrait UIInterfaceOrientationLandscapeLeft UIInterfaceOrientationLandscapeRight";
				LD_RUNPATH_SEARCH_PATHS = (
					"$(inherited)",
					"@executable_path/Frameworks",
				);
				MARKETING_VERSION = 1.0;
				PRODUCT_BUNDLE_IDENTIFIER = com.tedtya.Foodify;
				PRODUCT_NAME = "$(TARGET_NAME)";
				SWIFT_EMIT_LOC_STRINGS = YES;
				SWIFT_VERSION = 5.0;
				TARGETED_DEVICE_FAMILY = "1,2";
			};
			name = Debug;
		};
		D3D63B7A29C7EC7B00518AEE /* Release */ = {
			isa = XCBuildConfiguration;
			buildSettings = {
				ASSETCATALOG_COMPILER_APPICON_NAME = AppIcon;
				ASSETCATALOG_COMPILER_GLOBAL_ACCENT_COLOR_NAME = AccentColor;
				CODE_SIGN_STYLE = Automatic;
				CURRENT_PROJECT_VERSION = 1;
				DEVELOPMENT_ASSET_PATHS = "\"Foodify/Preview Content\"";
				DEVELOPMENT_TEAM = U496GYFZ39;
				ENABLE_PREVIEWS = YES;
				GENERATE_INFOPLIST_FILE = YES;
				INFOPLIST_KEY_UIApplicationSceneManifest_Generation = YES;
				INFOPLIST_KEY_UIApplicationSupportsIndirectInputEvents = YES;
				INFOPLIST_KEY_UILaunchScreen_Generation = YES;
				INFOPLIST_KEY_UISupportedInterfaceOrientations_iPad = "UIInterfaceOrientationPortrait UIInterfaceOrientationPortraitUpsideDown UIInterfaceOrientationLandscapeLeft UIInterfaceOrientationLandscapeRight";
				INFOPLIST_KEY_UISupportedInterfaceOrientations_iPhone = "UIInterfaceOrientationPortrait UIInterfaceOrientationLandscapeLeft UIInterfaceOrientationLandscapeRight";
				LD_RUNPATH_SEARCH_PATHS = (
					"$(inherited)",
					"@executable_path/Frameworks",
				);
				MARKETING_VERSION = 1.0;
				PRODUCT_BUNDLE_IDENTIFIER = com.tedtya.Foodify;
				PRODUCT_NAME = "$(TARGET_NAME)";
				SWIFT_EMIT_LOC_STRINGS = YES;
				SWIFT_VERSION = 5.0;
				TARGETED_DEVICE_FAMILY = "1,2";
			};
			name = Release;
		};
		D3D63B7C29C7EC7B00518AEE /* Debug */ = {
			isa = XCBuildConfiguration;
			buildSettings = {
				ALWAYS_EMBED_SWIFT_STANDARD_LIBRARIES = YES;
				BUNDLE_LOADER = "$(TEST_HOST)";
				CODE_SIGN_STYLE = Automatic;
				CURRENT_PROJECT_VERSION = 1;
				DEVELOPMENT_TEAM = U496GYFZ39;
				GENERATE_INFOPLIST_FILE = YES;
				IPHONEOS_DEPLOYMENT_TARGET = 16.2;
				MARKETING_VERSION = 1.0;
				PRODUCT_BUNDLE_IDENTIFIER = com.tedtya.FoodifyTests;
				PRODUCT_NAME = "$(TARGET_NAME)";
				SWIFT_EMIT_LOC_STRINGS = NO;
				SWIFT_VERSION = 5.0;
				TARGETED_DEVICE_FAMILY = "1,2";
				TEST_HOST = "$(BUILT_PRODUCTS_DIR)/Foodify.app/$(BUNDLE_EXECUTABLE_FOLDER_PATH)/Foodify";
			};
			name = Debug;
		};
		D3D63B7D29C7EC7B00518AEE /* Release */ = {
			isa = XCBuildConfiguration;
			buildSettings = {
				ALWAYS_EMBED_SWIFT_STANDARD_LIBRARIES = YES;
				BUNDLE_LOADER = "$(TEST_HOST)";
				CODE_SIGN_STYLE = Automatic;
				CURRENT_PROJECT_VERSION = 1;
				DEVELOPMENT_TEAM = U496GYFZ39;
				GENERATE_INFOPLIST_FILE = YES;
				IPHONEOS_DEPLOYMENT_TARGET = 16.2;
				MARKETING_VERSION = 1.0;
				PRODUCT_BUNDLE_IDENTIFIER = com.tedtya.FoodifyTests;
				PRODUCT_NAME = "$(TARGET_NAME)";
				SWIFT_EMIT_LOC_STRINGS = NO;
				SWIFT_VERSION = 5.0;
				TARGETED_DEVICE_FAMILY = "1,2";
				TEST_HOST = "$(BUILT_PRODUCTS_DIR)/Foodify.app/$(BUNDLE_EXECUTABLE_FOLDER_PATH)/Foodify";
			};
			name = Release;
		};
		D3D63B7F29C7EC7B00518AEE /* Debug */ = {
			isa = XCBuildConfiguration;
			buildSettings = {
				ALWAYS_EMBED_SWIFT_STANDARD_LIBRARIES = YES;
				CODE_SIGN_STYLE = Automatic;
				CURRENT_PROJECT_VERSION = 1;
				DEVELOPMENT_TEAM = U496GYFZ39;
				GENERATE_INFOPLIST_FILE = YES;
				MARKETING_VERSION = 1.0;
				PRODUCT_BUNDLE_IDENTIFIER = com.tedtya.FoodifyUITests;
				PRODUCT_NAME = "$(TARGET_NAME)";
				SWIFT_EMIT_LOC_STRINGS = NO;
				SWIFT_VERSION = 5.0;
				TARGETED_DEVICE_FAMILY = "1,2";
				TEST_TARGET_NAME = Foodify;
			};
			name = Debug;
		};
		D3D63B8029C7EC7B00518AEE /* Release */ = {
			isa = XCBuildConfiguration;
			buildSettings = {
				ALWAYS_EMBED_SWIFT_STANDARD_LIBRARIES = YES;
				CODE_SIGN_STYLE = Automatic;
				CURRENT_PROJECT_VERSION = 1;
				DEVELOPMENT_TEAM = U496GYFZ39;
				GENERATE_INFOPLIST_FILE = YES;
				MARKETING_VERSION = 1.0;
				PRODUCT_BUNDLE_IDENTIFIER = com.tedtya.FoodifyUITests;
				PRODUCT_NAME = "$(TARGET_NAME)";
				SWIFT_EMIT_LOC_STRINGS = NO;
				SWIFT_VERSION = 5.0;
				TARGETED_DEVICE_FAMILY = "1,2";
				TEST_TARGET_NAME = Foodify;
			};
			name = Release;
		};
/* End XCBuildConfiguration section */

/* Begin XCConfigurationList section */
		D3D63B4F29C7EC7A00518AEE /* Build configuration list for PBXProject "Foodify" */ = {
			isa = XCConfigurationList;
			buildConfigurations = (
				D3D63B7629C7EC7B00518AEE /* Debug */,
				D3D63B7729C7EC7B00518AEE /* Release */,
			);
			defaultConfigurationIsVisible = 0;
			defaultConfigurationName = Release;
		};
		D3D63B7829C7EC7B00518AEE /* Build configuration list for PBXNativeTarget "Foodify" */ = {
			isa = XCConfigurationList;
			buildConfigurations = (
				D3D63B7929C7EC7B00518AEE /* Debug */,
				D3D63B7A29C7EC7B00518AEE /* Release */,
			);
			defaultConfigurationIsVisible = 0;
			defaultConfigurationName = Release;
		};
		D3D63B7B29C7EC7B00518AEE /* Build configuration list for PBXNativeTarget "FoodifyTests" */ = {
			isa = XCConfigurationList;
			buildConfigurations = (
				D3D63B7C29C7EC7B00518AEE /* Debug */,
				D3D63B7D29C7EC7B00518AEE /* Release */,
			);
			defaultConfigurationIsVisible = 0;
			defaultConfigurationName = Release;
		};
		D3D63B7E29C7EC7B00518AEE /* Build configuration list for PBXNativeTarget "FoodifyUITests" */ = {
			isa = XCConfigurationList;
			buildConfigurations = (
				D3D63B7F29C7EC7B00518AEE /* Debug */,
				D3D63B8029C7EC7B00518AEE /* Release */,
			);
			defaultConfigurationIsVisible = 0;
			defaultConfigurationName = Release;
		};
/* End XCConfigurationList section */
	};
	rootObject = D3D63B4C29C7EC7A00518AEE /* Project object */;
}
